PODS:
  - Alamofire (5.4.3)
  - Charts (3.6.0):
    - Charts/Core (= 3.6.0)
  - Charts/Core (3.6.0)
  - FoldingCell (5.0.2)
  - HandyJSON (5.0.2)
  - Instructions (2.1.0)
  - KakaJSON (1.1.2)
  - KeychainAccess (4.2.2)
  - MJExtension (3.3.0)
  - Moya (14.0.0):
    - Moya/Core (= 14.0.0)
  - Moya/Core (14.0.0):
    - Alamofire (~> 5.0)
  - Moya/RxSwift (14.0.0):
    - Moya/Core
    - RxSwift (~> 5.0)
  - RxSwift (5.1.2)
  - SnapKit (5.0.1)
  - Spring (1.0.6)

DEPENDENCIES:
  - Alamofire (~> 5.4)
  - Charts
  - FoldingCell
  - HandyJSON (~> 5.0.2)
  - Instructions (~> 2.1.0)
  - KakaJSON (~> 1.1.2)
  - KeychainAccess
  - MJExtension
  - Moya (~> 14.0)
  - Moya/RxSwift (~> 14.0)
  - SnapKit (~> 5.0.0)
  - Spring (from `https://github.com/MengTo/Spring.git`)

SPEC REPOS:
  https://github.com/CocoaPods/Specs.git:
    - KakaJSON
  trunk:
    - Alamofire
    - Charts
    - FoldingCell
    - HandyJSON
    - Instructions
    - KeychainAccess
    - MJExtension
    - Moya
    - RxSwift
    - SnapKit

EXTERNAL SOURCES:
  Spring:
    :git: https://github.com/MengTo/Spring.git

CHECKOUT OPTIONS:
  Spring:
    :commit: 50d92a5b9e08848387ae95bf44c6ad20834f7083
    :git: https://github.com/MengTo/Spring.git

SPEC CHECKSUMS:
  Alamofire: e447a2774a40c996748296fa2c55112fdbbc42f9
  Charts: b1e3a1f5a1c9ba5394438ca3b91bd8c9076310af
  FoldingCell: f92eb5fb9842319e7cd08c71533c98408b785099
  HandyJSON: 9e4e236f5d2dbefad5155a77417bbea438201c03
  Instructions: 2465e321dde23f7c8fc26fe8efddf605df80dfba
  KakaJSON: cc5ff50a8c1cfbb09413db8496cb709a209e6137
  KeychainAccess: c0c4f7f38f6fc7bbe58f5702e25f7bd2f65abf51
  MJExtension: 01704cca2b60a214c10761b6491eab74069d68a9
  Moya: 5b45dacb75adb009f97fde91c204c1e565d31916
  RxSwift: 1e2e1f9570186967f617e49128ed26ccf1bafc8e
  SnapKit: 97b92857e3df3a0c71833cce143274bf6ef8e5eb
  Spring: 3d113f14575ef79aec9c5f906dfa4f5001c03254

PODFILE CHECKSUM: 9bb7e4c200d82cd7acfc875deb80dbe761f9420c

COCOAPODS: 1.10.1
