// !$*UTF8*$!
{
	archiveVersion = 1;
	classes = {
	};
	objectVersion = 51;
	objects = {

/* Begin PBXBuildFile section */
		11361E0126E701FA0073A0F0 /* Film.swift in Sources */ = {isa = PBXBuildFile; fileRef = 11361E0026E701FA0073A0F0 /* Film.swift */; };
		1145149F26F048C900E612D4 /* FontViewController.swift in Sources */ = {isa = PBXBuildFile; fileRef = 1145149E26F048C900E612D4 /* FontViewController.swift */; };
		114514A226F04C1300E612D4 /* DIN Alternate Bold.ttf in Resources */ = {isa = PBXBuildFile; fileRef = 114514A126F04C1300E612D4 /* DIN Alternate Bold.ttf */; };
		114A6DBF26CE45F1003C8525 /* Micro.swift in Sources */ = {isa = PBXBuildFile; fileRef = 114A6DBE26CE45F1003C8525 /* Micro.swift */; };
		114A6DC126CE472D003C8525 /* HomeTableViewCell.swift in Sources */ = {isa = PBXBuildFile; fileRef = 114A6DC026CE472D003C8525 /* HomeTableViewCell.swift */; };
		114A6DC326CE4E65003C8525 /* AlamofireViewController.swift in Sources */ = {isa = PBXBuildFile; fileRef = 114A6DC226CE4E65003C8525 /* AlamofireViewController.swift */; };
		11B5946A26B1534600DDDD4A /* AppDelegate.swift in Sources */ = {isa = PBXBuildFile; fileRef = 11B5946926B1534600DDDD4A /* AppDelegate.swift */; };
		11B5947326B1534A00DDDD4A /* Assets.xcassets in Resources */ = {isa = PBXBuildFile; fileRef = 11B5947226B1534A00DDDD4A /* Assets.xcassets */; };
		11B5947626B1534A00DDDD4A /* LaunchScreen.storyboard in Resources */ = {isa = PBXBuildFile; fileRef = 11B5947426B1534A00DDDD4A /* LaunchScreen.storyboard */; };
		11B5948126B1534A00DDDD4A /* SwiftConclusionTests.swift in Sources */ = {isa = PBXBuildFile; fileRef = 11B5948026B1534A00DDDD4A /* SwiftConclusionTests.swift */; };
		11B5948C26B1534A00DDDD4A /* SwiftConclusionUITests.swift in Sources */ = {isa = PBXBuildFile; fileRef = 11B5948B26B1534A00DDDD4A /* SwiftConclusionUITests.swift */; };
		11B5949B26B1921100DDDD4A /* BaseTabBarController.swift in Sources */ = {isa = PBXBuildFile; fileRef = 11B5949A26B1921100DDDD4A /* BaseTabBarController.swift */; };
		11B5949D26B192B600DDDD4A /* BaseNavigationController.swift in Sources */ = {isa = PBXBuildFile; fileRef = 11B5949C26B192B600DDDD4A /* BaseNavigationController.swift */; };
		11B594A326B1936C00DDDD4A /* HomeViewController.swift in Sources */ = {isa = PBXBuildFile; fileRef = 11B594A226B1936C00DDDD4A /* HomeViewController.swift */; };
		11B594A526B1937F00DDDD4A /* SettingViewController.swift in Sources */ = {isa = PBXBuildFile; fileRef = 11B594A426B1937F00DDDD4A /* SettingViewController.swift */; };
		11B594A726B1939100DDDD4A /* ThirdViewController.swift in Sources */ = {isa = PBXBuildFile; fileRef = 11B594A626B1939000DDDD4A /* ThirdViewController.swift */; };
		11B594AD26B2DC2B00DDDD4A /* API.swift in Sources */ = {isa = PBXBuildFile; fileRef = 11B594AC26B2DC2B00DDDD4A /* API.swift */; };
		11B594B026B3EB9D00DDDD4A /* Tabbar.swift in Sources */ = {isa = PBXBuildFile; fileRef = 11B594AF26B3EB9D00DDDD4A /* Tabbar.swift */; };
		11C761D226D3A8BB00A52F8D /* AnimationViewController.swift in Sources */ = {isa = PBXBuildFile; fileRef = 11C761D126D3A8BB00A52F8D /* AnimationViewController.swift */; };
		11C761D426D4875A00A52F8D /* CustomView.swift in Sources */ = {isa = PBXBuildFile; fileRef = 11C761D326D4875A00A52F8D /* CustomView.swift */; };
		11C761D626D48CAD00A52F8D /* QuartzCore.framework in Frameworks */ = {isa = PBXBuildFile; fileRef = 11C761D526D48CAD00A52F8D /* QuartzCore.framework */; };
		11C761DC26D72A8100A52F8D /* zhutou.jpg in Resources */ = {isa = PBXBuildFile; fileRef = 11C761DB26D72A8100A52F8D /* zhutou.jpg */; };
		11C761DE26D7366100A52F8D /* SliderCircleView.swift in Sources */ = {isa = PBXBuildFile; fileRef = 11C761DD26D7366100A52F8D /* SliderCircleView.swift */; };
		11C761E026D7487900A52F8D /* CircleProgressView.swift in Sources */ = {isa = PBXBuildFile; fileRef = 11C761DF26D7487900A52F8D /* CircleProgressView.swift */; };
		11C761E426D7793B00A52F8D /* PattenView.swift in Sources */ = {isa = PBXBuildFile; fileRef = 11C761E326D7793B00A52F8D /* PattenView.swift */; };
		11C761E626D798F100A52F8D /* BackgroundView.swift in Sources */ = {isa = PBXBuildFile; fileRef = 11C761E526D798F100A52F8D /* BackgroundView.swift */; };
		11E6BB2626B4FA8F003C6DD5 /* launch.png in Resources */ = {isa = PBXBuildFile; fileRef = 11E6BB2526B4FA8F003C6DD5 /* launch.png */; };
		11E6BB2826B4FBC8003C6DD5 /* city.png in Resources */ = {isa = PBXBuildFile; fileRef = 11E6BB2726B4FBC8003C6DD5 /* city.png */; };
		91824234AABF7E665480C936 /* Pods_SwiftConclusion.framework in Frameworks */ = {isa = PBXBuildFile; fileRef = 6B29DB3FCD7CBF8DA052B728 /* Pods_SwiftConclusion.framework */; };
/* End PBXBuildFile section */

/* Begin PBXContainerItemProxy section */
		11B5947D26B1534A00DDDD4A /* PBXContainerItemProxy */ = {
			isa = PBXContainerItemProxy;
			containerPortal = 11B5945E26B1534600DDDD4A /* Project object */;
			proxyType = 1;
			remoteGlobalIDString = 11B5946526B1534600DDDD4A;
			remoteInfo = SwiftConclusion;
		};
		11B5948826B1534A00DDDD4A /* PBXContainerItemProxy */ = {
			isa = PBXContainerItemProxy;
			containerPortal = 11B5945E26B1534600DDDD4A /* Project object */;
			proxyType = 1;
			remoteGlobalIDString = 11B5946526B1534600DDDD4A;
			remoteInfo = SwiftConclusion;
		};
/* End PBXContainerItemProxy section */

/* Begin PBXFileReference section */
		11361E0026E701FA0073A0F0 /* Film.swift */ = {isa = PBXFileReference; lastKnownFileType = sourcecode.swift; path = Film.swift; sourceTree = "<group>"; };
		1145149E26F048C900E612D4 /* FontViewController.swift */ = {isa = PBXFileReference; lastKnownFileType = sourcecode.swift; path = FontViewController.swift; sourceTree = "<group>"; };
		114514A126F04C1300E612D4 /* DIN Alternate Bold.ttf */ = {isa = PBXFileReference; lastKnownFileType = file; path = "DIN Alternate Bold.ttf"; sourceTree = "<group>"; };
		114A6DBE26CE45F1003C8525 /* Micro.swift */ = {isa = PBXFileReference; lastKnownFileType = sourcecode.swift; path = Micro.swift; sourceTree = "<group>"; };
		114A6DC026CE472D003C8525 /* HomeTableViewCell.swift */ = {isa = PBXFileReference; lastKnownFileType = sourcecode.swift; path = HomeTableViewCell.swift; sourceTree = "<group>"; };
		114A6DC226CE4E65003C8525 /* AlamofireViewController.swift */ = {isa = PBXFileReference; lastKnownFileType = sourcecode.swift; path = AlamofireViewController.swift; sourceTree = "<group>"; };
		11B5946626B1534600DDDD4A /* SwiftConclusion.app */ = {isa = PBXFileReference; explicitFileType = wrapper.application; includeInIndex = 0; path = SwiftConclusion.app; sourceTree = BUILT_PRODUCTS_DIR; };
		11B5946926B1534600DDDD4A /* AppDelegate.swift */ = {isa = PBXFileReference; lastKnownFileType = sourcecode.swift; path = AppDelegate.swift; sourceTree = "<group>"; };
		11B5947226B1534A00DDDD4A /* Assets.xcassets */ = {isa = PBXFileReference; lastKnownFileType = folder.assetcatalog; path = Assets.xcassets; sourceTree = "<group>"; };
		11B5947526B1534A00DDDD4A /* Base */ = {isa = PBXFileReference; lastKnownFileType = file.storyboard; name = Base; path = Base.lproj/LaunchScreen.storyboard; sourceTree = "<group>"; };
		11B5947726B1534A00DDDD4A /* Info.plist */ = {isa = PBXFileReference; lastKnownFileType = text.plist.xml; path = Info.plist; sourceTree = "<group>"; };
		11B5947C26B1534A00DDDD4A /* SwiftConclusionTests.xctest */ = {isa = PBXFileReference; explicitFileType = wrapper.cfbundle; includeInIndex = 0; path = SwiftConclusionTests.xctest; sourceTree = BUILT_PRODUCTS_DIR; };
		11B5948026B1534A00DDDD4A /* SwiftConclusionTests.swift */ = {isa = PBXFileReference; lastKnownFileType = sourcecode.swift; path = SwiftConclusionTests.swift; sourceTree = "<group>"; };
		11B5948226B1534A00DDDD4A /* Info.plist */ = {isa = PBXFileReference; lastKnownFileType = text.plist.xml; path = Info.plist; sourceTree = "<group>"; };
		11B5948726B1534A00DDDD4A /* SwiftConclusionUITests.xctest */ = {isa = PBXFileReference; explicitFileType = wrapper.cfbundle; includeInIndex = 0; path = SwiftConclusionUITests.xctest; sourceTree = BUILT_PRODUCTS_DIR; };
		11B5948B26B1534A00DDDD4A /* SwiftConclusionUITests.swift */ = {isa = PBXFileReference; lastKnownFileType = sourcecode.swift; path = SwiftConclusionUITests.swift; sourceTree = "<group>"; };
		11B5948D26B1534A00DDDD4A /* Info.plist */ = {isa = PBXFileReference; lastKnownFileType = text.plist.xml; path = Info.plist; sourceTree = "<group>"; };
		11B5949A26B1921100DDDD4A /* BaseTabBarController.swift */ = {isa = PBXFileReference; lastKnownFileType = sourcecode.swift; path = BaseTabBarController.swift; sourceTree = "<group>"; };
		11B5949C26B192B600DDDD4A /* BaseNavigationController.swift */ = {isa = PBXFileReference; lastKnownFileType = sourcecode.swift; path = BaseNavigationController.swift; sourceTree = "<group>"; };
		11B594A226B1936C00DDDD4A /* HomeViewController.swift */ = {isa = PBXFileReference; lastKnownFileType = sourcecode.swift; path = HomeViewController.swift; sourceTree = "<group>"; };
		11B594A426B1937F00DDDD4A /* SettingViewController.swift */ = {isa = PBXFileReference; lastKnownFileType = sourcecode.swift; path = SettingViewController.swift; sourceTree = "<group>"; };
		11B594A626B1939000DDDD4A /* ThirdViewController.swift */ = {isa = PBXFileReference; lastKnownFileType = sourcecode.swift; path = ThirdViewController.swift; sourceTree = "<group>"; };
		11B594A826B2C88B00DDDD4A /* SwiftConclusion-Bridging-Header.h */ = {isa = PBXFileReference; lastKnownFileType = sourcecode.c.h; path = "SwiftConclusion-Bridging-Header.h"; sourceTree = "<group>"; };
		11B594AC26B2DC2B00DDDD4A /* API.swift */ = {isa = PBXFileReference; lastKnownFileType = sourcecode.swift; path = API.swift; sourceTree = "<group>"; };
		11B594AF26B3EB9D00DDDD4A /* Tabbar.swift */ = {isa = PBXFileReference; lastKnownFileType = sourcecode.swift; path = Tabbar.swift; sourceTree = "<group>"; };
		11C761D126D3A8BB00A52F8D /* AnimationViewController.swift */ = {isa = PBXFileReference; lastKnownFileType = sourcecode.swift; path = AnimationViewController.swift; sourceTree = "<group>"; };
		11C761D326D4875A00A52F8D /* CustomView.swift */ = {isa = PBXFileReference; lastKnownFileType = sourcecode.swift; path = CustomView.swift; sourceTree = "<group>"; };
		11C761D526D48CAD00A52F8D /* QuartzCore.framework */ = {isa = PBXFileReference; lastKnownFileType = wrapper.framework; name = QuartzCore.framework; path = System/Library/Frameworks/QuartzCore.framework; sourceTree = SDKROOT; };
		11C761DB26D72A8100A52F8D /* zhutou.jpg */ = {isa = PBXFileReference; lastKnownFileType = image.jpeg; path = zhutou.jpg; sourceTree = "<group>"; };
		11C761DD26D7366100A52F8D /* SliderCircleView.swift */ = {isa = PBXFileReference; lastKnownFileType = sourcecode.swift; path = SliderCircleView.swift; sourceTree = "<group>"; };
		11C761DF26D7487900A52F8D /* CircleProgressView.swift */ = {isa = PBXFileReference; lastKnownFileType = sourcecode.swift; path = CircleProgressView.swift; sourceTree = "<group>"; };
		11C761E326D7793B00A52F8D /* PattenView.swift */ = {isa = PBXFileReference; lastKnownFileType = sourcecode.swift; path = PattenView.swift; sourceTree = "<group>"; };
		11C761E526D798F100A52F8D /* BackgroundView.swift */ = {isa = PBXFileReference; lastKnownFileType = sourcecode.swift; path = BackgroundView.swift; sourceTree = "<group>"; };
		11E6BB2526B4FA8F003C6DD5 /* launch.png */ = {isa = PBXFileReference; lastKnownFileType = image.png; path = launch.png; sourceTree = "<group>"; };
		11E6BB2726B4FBC8003C6DD5 /* city.png */ = {isa = PBXFileReference; lastKnownFileType = image.png; path = city.png; sourceTree = "<group>"; };
		55E532E3B280AA77E95B6460 /* Pods-SwiftConclusion.release.xcconfig */ = {isa = PBXFileReference; includeInIndex = 1; lastKnownFileType = text.xcconfig; name = "Pods-SwiftConclusion.release.xcconfig"; path = "Target Support Files/Pods-SwiftConclusion/Pods-SwiftConclusion.release.xcconfig"; sourceTree = "<group>"; };
		6B29DB3FCD7CBF8DA052B728 /* Pods_SwiftConclusion.framework */ = {isa = PBXFileReference; explicitFileType = wrapper.framework; includeInIndex = 0; path = Pods_SwiftConclusion.framework; sourceTree = BUILT_PRODUCTS_DIR; };
		B0694BADF00603A112D2A007 /* Pods-SwiftConclusion.debug.xcconfig */ = {isa = PBXFileReference; includeInIndex = 1; lastKnownFileType = text.xcconfig; name = "Pods-SwiftConclusion.debug.xcconfig"; path = "Target Support Files/Pods-SwiftConclusion/Pods-SwiftConclusion.debug.xcconfig"; sourceTree = "<group>"; };
/* End PBXFileReference section */

/* Begin PBXFrameworksBuildPhase section */
		11B5946326B1534600DDDD4A /* Frameworks */ = {
			isa = PBXFrameworksBuildPhase;
			buildActionMask = 2147483647;
			files = (
				11C761D626D48CAD00A52F8D /* QuartzCore.framework in Frameworks */,
				91824234AABF7E665480C936 /* Pods_SwiftConclusion.framework in Frameworks */,
			);
			runOnlyForDeploymentPostprocessing = 0;
		};
		11B5947926B1534A00DDDD4A /* Frameworks */ = {
			isa = PBXFrameworksBuildPhase;
			buildActionMask = 2147483647;
			files = (
			);
			runOnlyForDeploymentPostprocessing = 0;
		};
		11B5948426B1534A00DDDD4A /* Frameworks */ = {
			isa = PBXFrameworksBuildPhase;
			buildActionMask = 2147483647;
			files = (
			);
			runOnlyForDeploymentPostprocessing = 0;
		};
/* End PBXFrameworksBuildPhase section */

/* Begin PBXGroup section */
		058583BE1F378197E8FCEBE8 /* Pods */ = {
			isa = PBXGroup;
			children = (
				B0694BADF00603A112D2A007 /* Pods-SwiftConclusion.debug.xcconfig */,
				55E532E3B280AA77E95B6460 /* Pods-SwiftConclusion.release.xcconfig */,
			);
			path = Pods;
			sourceTree = "<group>";
		};
		11361DFF26E701CD0073A0F0 /* Model */ = {
			isa = PBXGroup;
			children = (
				11361E0026E701FA0073A0F0 /* Film.swift */,
			);
			path = Model;
			sourceTree = "<group>";
		};
		114514A026F04BE300E612D4 /* ttf */ = {
			isa = PBXGroup;
			children = (
				114514A126F04C1300E612D4 /* DIN Alternate Bold.ttf */,
			);
			path = ttf;
			sourceTree = "<group>";
		};
		114A6DBC26CE45BA003C8525 /* Other */ = {
			isa = PBXGroup;
			children = (
				114514A026F04BE300E612D4 /* ttf */,
				114A6DBD26CE45E1003C8525 /* Common */,
				11E6BB2426B4FA70003C6DD5 /* images */,
			);
			path = Other;
			sourceTree = "<group>";
		};
		114A6DBD26CE45E1003C8525 /* Common */ = {
			isa = PBXGroup;
			children = (
				114A6DBE26CE45F1003C8525 /* Micro.swift */,
				11B594AC26B2DC2B00DDDD4A /* API.swift */,
			);
			path = Common;
			sourceTree = "<group>";
		};
		11B5945D26B1534600DDDD4A = {
			isa = PBXGroup;
			children = (
				11B5946826B1534600DDDD4A /* SwiftConclusion */,
				11B5947F26B1534A00DDDD4A /* SwiftConclusionTests */,
				11B5948A26B1534A00DDDD4A /* SwiftConclusionUITests */,
				11B5946726B1534600DDDD4A /* Products */,
				058583BE1F378197E8FCEBE8 /* Pods */,
				237388AFCFD6EC3425C5230C /* Frameworks */,
			);
			sourceTree = "<group>";
		};
		11B5946726B1534600DDDD4A /* Products */ = {
			isa = PBXGroup;
			children = (
				11B5946626B1534600DDDD4A /* SwiftConclusion.app */,
				11B5947C26B1534A00DDDD4A /* SwiftConclusionTests.xctest */,
				11B5948726B1534A00DDDD4A /* SwiftConclusionUITests.xctest */,
			);
			name = Products;
			sourceTree = "<group>";
		};
		11B5946826B1534600DDDD4A /* SwiftConclusion */ = {
			isa = PBXGroup;
			children = (
				11B5946926B1534600DDDD4A /* AppDelegate.swift */,
				114A6DBC26CE45BA003C8525 /* Other */,
				11C761D026D3A8AB00A52F8D /* Animation */,
				11B594A126B1930D00DDDD4A /* Third */,
				11B594A026B192FC00DDDD4A /* Setting */,
				11B5949F26B192F300DDDD4A /* Home */,
				11B5949E26B192C000DDDD4A /* Base */,
				11B5949926B16F8B00DDDD4A /* Resources */,
			);
			path = SwiftConclusion;
			sourceTree = "<group>";
		};
		11B5947F26B1534A00DDDD4A /* SwiftConclusionTests */ = {
			isa = PBXGroup;
			children = (
				11B5948026B1534A00DDDD4A /* SwiftConclusionTests.swift */,
				11B5948226B1534A00DDDD4A /* Info.plist */,
			);
			path = SwiftConclusionTests;
			sourceTree = "<group>";
		};
		11B5948A26B1534A00DDDD4A /* SwiftConclusionUITests */ = {
			isa = PBXGroup;
			children = (
				11B5948B26B1534A00DDDD4A /* SwiftConclusionUITests.swift */,
				11B5948D26B1534A00DDDD4A /* Info.plist */,
			);
			path = SwiftConclusionUITests;
			sourceTree = "<group>";
		};
		11B5949926B16F8B00DDDD4A /* Resources */ = {
			isa = PBXGroup;
			children = (
				11B5947226B1534A00DDDD4A /* Assets.xcassets */,
				11B5947426B1534A00DDDD4A /* LaunchScreen.storyboard */,
				11B5947726B1534A00DDDD4A /* Info.plist */,
				11B594A826B2C88B00DDDD4A /* SwiftConclusion-Bridging-Header.h */,
			);
			path = Resources;
			sourceTree = "<group>";
		};
		11B5949E26B192C000DDDD4A /* Base */ = {
			isa = PBXGroup;
			children = (
				11B5949C26B192B600DDDD4A /* BaseNavigationController.swift */,
				11B5949A26B1921100DDDD4A /* BaseTabBarController.swift */,
				11B594AF26B3EB9D00DDDD4A /* Tabbar.swift */,
			);
			path = Base;
			sourceTree = "<group>";
		};
		11B5949F26B192F300DDDD4A /* Home */ = {
			isa = PBXGroup;
			children = (
				11361DFF26E701CD0073A0F0 /* Model */,
				11B594A226B1936C00DDDD4A /* HomeViewController.swift */,
				114A6DC026CE472D003C8525 /* HomeTableViewCell.swift */,
				114A6DC226CE4E65003C8525 /* AlamofireViewController.swift */,
				1145149E26F048C900E612D4 /* FontViewController.swift */,
			);
			path = Home;
			sourceTree = "<group>";
		};
		11B594A026B192FC00DDDD4A /* Setting */ = {
			isa = PBXGroup;
			children = (
				11B594A426B1937F00DDDD4A /* SettingViewController.swift */,
			);
			path = Setting;
			sourceTree = "<group>";
		};
		11B594A126B1930D00DDDD4A /* Third */ = {
			isa = PBXGroup;
			children = (
				11B594A626B1939000DDDD4A /* ThirdViewController.swift */,
			);
			path = Third;
			sourceTree = "<group>";
		};
		11C761D026D3A8AB00A52F8D /* Animation */ = {
			isa = PBXGroup;
			children = (
				11C761D126D3A8BB00A52F8D /* AnimationViewController.swift */,
				11C761E326D7793B00A52F8D /* PattenView.swift */,
				11C761D326D4875A00A52F8D /* CustomView.swift */,
				11C761DD26D7366100A52F8D /* SliderCircleView.swift */,
				11C761DF26D7487900A52F8D /* CircleProgressView.swift */,
				11C761E526D798F100A52F8D /* BackgroundView.swift */,
			);
			path = Animation;
			sourceTree = "<group>";
		};
		11E6BB2426B4FA70003C6DD5 /* images */ = {
			isa = PBXGroup;
			children = (
				11C761DB26D72A8100A52F8D /* zhutou.jpg */,
				11E6BB2726B4FBC8003C6DD5 /* city.png */,
				11E6BB2526B4FA8F003C6DD5 /* launch.png */,
			);
			path = images;
			sourceTree = "<group>";
		};
		237388AFCFD6EC3425C5230C /* Frameworks */ = {
			isa = PBXGroup;
			children = (
				11C761D526D48CAD00A52F8D /* QuartzCore.framework */,
				6B29DB3FCD7CBF8DA052B728 /* Pods_SwiftConclusion.framework */,
			);
			name = Frameworks;
			sourceTree = "<group>";
		};
/* End PBXGroup section */

/* Begin PBXNativeTarget section */
		11B5946526B1534600DDDD4A /* SwiftConclusion */ = {
			isa = PBXNativeTarget;
			buildConfigurationList = 11B5949026B1534A00DDDD4A /* Build configuration list for PBXNativeTarget "SwiftConclusion" */;
			buildPhases = (
				40457F7371DCD4BBA10E4FF9 /* [CP] Check Pods Manifest.lock */,
				11B5946226B1534600DDDD4A /* Sources */,
				11B5946326B1534600DDDD4A /* Frameworks */,
				11B5946426B1534600DDDD4A /* Resources */,
				B3F25840C0609AEEEA257504 /* [CP] Embed Pods Frameworks */,
			);
			buildRules = (
			);
			dependencies = (
			);
			name = SwiftConclusion;
			productName = SwiftConclusion;
			productReference = 11B5946626B1534600DDDD4A /* SwiftConclusion.app */;
			productType = "com.apple.product-type.application";
		};
		11B5947B26B1534A00DDDD4A /* SwiftConclusionTests */ = {
			isa = PBXNativeTarget;
			buildConfigurationList = 11B5949326B1534A00DDDD4A /* Build configuration list for PBXNativeTarget "SwiftConclusionTests" */;
			buildPhases = (
				11B5947826B1534A00DDDD4A /* Sources */,
				11B5947926B1534A00DDDD4A /* Frameworks */,
				11B5947A26B1534A00DDDD4A /* Resources */,
			);
			buildRules = (
			);
			dependencies = (
				11B5947E26B1534A00DDDD4A /* PBXTargetDependency */,
			);
			name = SwiftConclusionTests;
			productName = SwiftConclusionTests;
			productReference = 11B5947C26B1534A00DDDD4A /* SwiftConclusionTests.xctest */;
			productType = "com.apple.product-type.bundle.unit-test";
		};
		11B5948626B1534A00DDDD4A /* SwiftConclusionUITests */ = {
			isa = PBXNativeTarget;
			buildConfigurationList = 11B5949626B1534A00DDDD4A /* Build configuration list for PBXNativeTarget "SwiftConclusionUITests" */;
			buildPhases = (
				11B5948326B1534A00DDDD4A /* Sources */,
				11B5948426B1534A00DDDD4A /* Frameworks */,
				11B5948526B1534A00DDDD4A /* Resources */,
			);
			buildRules = (
			);
			dependencies = (
				11B5948926B1534A00DDDD4A /* PBXTargetDependency */,
			);
			name = SwiftConclusionUITests;
			productName = SwiftConclusionUITests;
			productReference = 11B5948726B1534A00DDDD4A /* SwiftConclusionUITests.xctest */;
			productType = "com.apple.product-type.bundle.ui-testing";
		};
/* End PBXNativeTarget section */

/* Begin PBXProject section */
		11B5945E26B1534600DDDD4A /* Project object */ = {
			isa = PBXProject;
			attributes = {
				LastSwiftUpdateCheck = 1250;
				LastUpgradeCheck = 1250;
				TargetAttributes = {
					11B5946526B1534600DDDD4A = {
						CreatedOnToolsVersion = 12.5.1;
						LastSwiftMigration = 1250;
					};
					11B5947B26B1534A00DDDD4A = {
						CreatedOnToolsVersion = 12.5.1;
						TestTargetID = 11B5946526B1534600DDDD4A;
					};
					11B5948626B1534A00DDDD4A = {
						CreatedOnToolsVersion = 12.5.1;
						TestTargetID = 11B5946526B1534600DDDD4A;
					};
				};
			};
			buildConfigurationList = 11B5946126B1534600DDDD4A /* Build configuration list for PBXProject "SwiftConclusion" */;
			compatibilityVersion = "Xcode 9.3";
			developmentRegion = en;
			hasScannedForEncodings = 0;
			knownRegions = (
				en,
				Base,
			);
			mainGroup = 11B5945D26B1534600DDDD4A;
			productRefGroup = 11B5946726B1534600DDDD4A /* Products */;
			projectDirPath = "";
			projectRoot = "";
			targets = (
				11B5946526B1534600DDDD4A /* SwiftConclusion */,
				11B5947B26B1534A00DDDD4A /* SwiftConclusionTests */,
				11B5948626B1534A00DDDD4A /* SwiftConclusionUITests */,
			);
		};
/* End PBXProject section */

/* Begin PBXResourcesBuildPhase section */
		11B5946426B1534600DDDD4A /* Resources */ = {
			isa = PBXResourcesBuildPhase;
			buildActionMask = 2147483647;
			files = (
				11E6BB2826B4FBC8003C6DD5 /* city.png in Resources */,
				11E6BB2626B4FA8F003C6DD5 /* launch.png in Resources */,
				114514A226F04C1300E612D4 /* DIN Alternate Bold.ttf in Resources */,
				11C761DC26D72A8100A52F8D /* zhutou.jpg in Resources */,
				11B5947626B1534A00DDDD4A /* LaunchScreen.storyboard in Resources */,
				11B5947326B1534A00DDDD4A /* Assets.xcassets in Resources */,
			);
			runOnlyForDeploymentPostprocessing = 0;
		};
		11B5947A26B1534A00DDDD4A /* Resources */ = {
			isa = PBXResourcesBuildPhase;
			buildActionMask = 2147483647;
			files = (
			);
			runOnlyForDeploymentPostprocessing = 0;
		};
		11B5948526B1534A00DDDD4A /* Resources */ = {
			isa = PBXResourcesBuildPhase;
			buildActionMask = 2147483647;
			files = (
			);
			runOnlyForDeploymentPostprocessing = 0;
		};
/* End PBXResourcesBuildPhase section */

/* Begin PBXShellScriptBuildPhase section */
		40457F7371DCD4BBA10E4FF9 /* [CP] Check Pods Manifest.lock */ = {
			isa = PBXShellScriptBuildPhase;
			buildActionMask = 2147483647;
			files = (
			);
			inputFileListPaths = (
			);
			inputPaths = (
				"${PODS_PODFILE_DIR_PATH}/Podfile.lock",
				"${PODS_ROOT}/Manifest.lock",
			);
			name = "[CP] Check Pods Manifest.lock";
			outputFileListPaths = (
			);
			outputPaths = (
				"$(DERIVED_FILE_DIR)/Pods-SwiftConclusion-checkManifestLockResult.txt",
			);
			runOnlyForDeploymentPostprocessing = 0;
			shellPath = /bin/sh;
			shellScript = "diff \"${PODS_PODFILE_DIR_PATH}/Podfile.lock\" \"${PODS_ROOT}/Manifest.lock\" > /dev/null\nif [ $? != 0 ] ; then\n    # print error to STDERR\n    echo \"error: The sandbox is not in sync with the Podfile.lock. Run 'pod install' or update your CocoaPods installation.\" >&2\n    exit 1\nfi\n# This output is used by Xcode 'outputs' to avoid re-running this script phase.\necho \"SUCCESS\" > \"${SCRIPT_OUTPUT_FILE_0}\"\n";
			showEnvVarsInLog = 0;
		};
		B3F25840C0609AEEEA257504 /* [CP] Embed Pods Frameworks */ = {
			isa = PBXShellScriptBuildPhase;
			buildActionMask = 2147483647;
			files = (
			);
			inputFileListPaths = (
				"${PODS_ROOT}/Target Support Files/Pods-SwiftConclusion/Pods-SwiftConclusion-frameworks-${CONFIGURATION}-input-files.xcfilelist",
			);
			name = "[CP] Embed Pods Frameworks";
			outputFileListPaths = (
				"${PODS_ROOT}/Target Support Files/Pods-SwiftConclusion/Pods-SwiftConclusion-frameworks-${CONFIGURATION}-output-files.xcfilelist",
			);
			runOnlyForDeploymentPostprocessing = 0;
			shellPath = /bin/sh;
			shellScript = "\"${PODS_ROOT}/Target Support Files/Pods-SwiftConclusion/Pods-SwiftConclusion-frameworks.sh\"\n";
			showEnvVarsInLog = 0;
		};
/* End PBXShellScriptBuildPhase section */

/* Begin PBXSourcesBuildPhase section */
		11B5946226B1534600DDDD4A /* Sources */ = {
			isa = PBXSourcesBuildPhase;
			buildActionMask = 2147483647;
			files = (
				11B594A526B1937F00DDDD4A /* SettingViewController.swift in Sources */,
				11B5949B26B1921100DDDD4A /* BaseTabBarController.swift in Sources */,
				11C761E426D7793B00A52F8D /* PattenView.swift in Sources */,
				11C761E026D7487900A52F8D /* CircleProgressView.swift in Sources */,
				11B5946A26B1534600DDDD4A /* AppDelegate.swift in Sources */,
				11C761D226D3A8BB00A52F8D /* AnimationViewController.swift in Sources */,
				11B594B026B3EB9D00DDDD4A /* Tabbar.swift in Sources */,
				11361E0126E701FA0073A0F0 /* Film.swift in Sources */,
				11C761E626D798F100A52F8D /* BackgroundView.swift in Sources */,
				114A6DBF26CE45F1003C8525 /* Micro.swift in Sources */,
				11C761D426D4875A00A52F8D /* CustomView.swift in Sources */,
				11B5949D26B192B600DDDD4A /* BaseNavigationController.swift in Sources */,
				1145149F26F048C900E612D4 /* FontViewController.swift in Sources */,
				114A6DC126CE472D003C8525 /* HomeTableViewCell.swift in Sources */,
				11C761DE26D7366100A52F8D /* SliderCircleView.swift in Sources */,
				11B594A726B1939100DDDD4A /* ThirdViewController.swift in Sources */,
				114A6DC326CE4E65003C8525 /* AlamofireViewController.swift in Sources */,
				11B594A326B1936C00DDDD4A /* HomeViewController.swift in Sources */,
				11B594AD26B2DC2B00DDDD4A /* API.swift in Sources */,
			);
			runOnlyForDeploymentPostprocessing = 0;
		};
		11B5947826B1534A00DDDD4A /* Sources */ = {
			isa = PBXSourcesBuildPhase;
			buildActionMask = 2147483647;
			files = (
				11B5948126B1534A00DDDD4A /* SwiftConclusionTests.swift in Sources */,
			);
			runOnlyForDeploymentPostprocessing = 0;
		};
		11B5948326B1534A00DDDD4A /* Sources */ = {
			isa = PBXSourcesBuildPhase;
			buildActionMask = 2147483647;
			files = (
				11B5948C26B1534A00DDDD4A /* SwiftConclusionUITests.swift in Sources */,
			);
			runOnlyForDeploymentPostprocessing = 0;
		};
/* End PBXSourcesBuildPhase section */

/* Begin PBXTargetDependency section */
		11B5947E26B1534A00DDDD4A /* PBXTargetDependency */ = {
			isa = PBXTargetDependency;
			target = 11B5946526B1534600DDDD4A /* SwiftConclusion */;
			targetProxy = 11B5947D26B1534A00DDDD4A /* PBXContainerItemProxy */;
		};
		11B5948926B1534A00DDDD4A /* PBXTargetDependency */ = {
			isa = PBXTargetDependency;
			target = 11B5946526B1534600DDDD4A /* SwiftConclusion */;
			targetProxy = 11B5948826B1534A00DDDD4A /* PBXContainerItemProxy */;
		};
/* End PBXTargetDependency section */

/* Begin PBXVariantGroup section */
		11B5947426B1534A00DDDD4A /* LaunchScreen.storyboard */ = {
			isa = PBXVariantGroup;
			children = (
				11B5947526B1534A00DDDD4A /* Base */,
			);
			name = LaunchScreen.storyboard;
			sourceTree = "<group>";
		};
/* End PBXVariantGroup section */

/* Begin XCBuildConfiguration section */
		11B5948E26B1534A00DDDD4A /* Debug */ = {
			isa = XCBuildConfiguration;
			buildSettings = {
				ALWAYS_SEARCH_USER_PATHS = NO;
				CLANG_ANALYZER_NONNULL = YES;
				CLANG_ANALYZER_NUMBER_OBJECT_CONVERSION = YES_AGGRESSIVE;
				CLANG_CXX_LANGUAGE_STANDARD = "gnu++14";
				CLANG_CXX_LIBRARY = "libc++";
				CLANG_ENABLE_MODULES = YES;
				CLANG_ENABLE_OBJC_ARC = YES;
				CLANG_ENABLE_OBJC_WEAK = YES;
				CLANG_WARN_BLOCK_CAPTURE_AUTORELEASING = YES;
				CLANG_WARN_BOOL_CONVERSION = YES;
				CLANG_WARN_COMMA = YES;
				CLANG_WARN_CONSTANT_CONVERSION = YES;
				CLANG_WARN_DEPRECATED_OBJC_IMPLEMENTATIONS = YES;
				CLANG_WARN_DIRECT_OBJC_ISA_USAGE = YES_ERROR;
				CLANG_WARN_DOCUMENTATION_COMMENTS = YES;
				CLANG_WARN_EMPTY_BODY = YES;
				CLANG_WARN_ENUM_CONVERSION = YES;
				CLANG_WARN_INFINITE_RECURSION = YES;
				CLANG_WARN_INT_CONVERSION = YES;
				CLANG_WARN_NON_LITERAL_NULL_CONVERSION = YES;
				CLANG_WARN_OBJC_IMPLICIT_RETAIN_SELF = YES;
				CLANG_WARN_OBJC_LITERAL_CONVERSION = YES;
				CLANG_WARN_OBJC_ROOT_CLASS = YES_ERROR;
				CLANG_WARN_QUOTED_INCLUDE_IN_FRAMEWORK_HEADER = YES;
				CLANG_WARN_RANGE_LOOP_ANALYSIS = YES;
				CLANG_WARN_STRICT_PROTOTYPES = YES;
				CLANG_WARN_SUSPICIOUS_MOVE = YES;
				CLANG_WARN_UNGUARDED_AVAILABILITY = YES_AGGRESSIVE;
				CLANG_WARN_UNREACHABLE_CODE = YES;
				CLANG_WARN__DUPLICATE_METHOD_MATCH = YES;
				COPY_PHASE_STRIP = NO;
				DEBUG_INFORMATION_FORMAT = dwarf;
				ENABLE_STRICT_OBJC_MSGSEND = YES;
				ENABLE_TESTABILITY = YES;
				GCC_C_LANGUAGE_STANDARD = gnu11;
				GCC_DYNAMIC_NO_PIC = NO;
				GCC_NO_COMMON_BLOCKS = YES;
				GCC_OPTIMIZATION_LEVEL = 0;
				GCC_PREPROCESSOR_DEFINITIONS = (
					"DEBUG=1",
					"$(inherited)",
				);
				GCC_WARN_64_TO_32_BIT_CONVERSION = YES;
				GCC_WARN_ABOUT_RETURN_TYPE = YES_ERROR;
				GCC_WARN_UNDECLARED_SELECTOR = YES;
				GCC_WARN_UNINITIALIZED_AUTOS = YES_AGGRESSIVE;
				GCC_WARN_UNUSED_FUNCTION = YES;
				GCC_WARN_UNUSED_VARIABLE = YES;
				IPHONEOS_DEPLOYMENT_TARGET = 13.0;
				MTL_ENABLE_DEBUG_INFO = INCLUDE_SOURCE;
				MTL_FAST_MATH = YES;
				ONLY_ACTIVE_ARCH = YES;
				SDKROOT = iphoneos;
				SWIFT_ACTIVE_COMPILATION_CONDITIONS = DEBUG;
				SWIFT_OPTIMIZATION_LEVEL = "-Onone";
			};
			name = Debug;
		};
		11B5948F26B1534A00DDDD4A /* Release */ = {
			isa = XCBuildConfiguration;
			buildSettings = {
				ALWAYS_SEARCH_USER_PATHS = NO;
				CLANG_ANALYZER_NONNULL = YES;
				CLANG_ANALYZER_NUMBER_OBJECT_CONVERSION = YES_AGGRESSIVE;
				CLANG_CXX_LANGUAGE_STANDARD = "gnu++14";
				CLANG_CXX_LIBRARY = "libc++";
				CLANG_ENABLE_MODULES = YES;
				CLANG_ENABLE_OBJC_ARC = YES;
				CLANG_ENABLE_OBJC_WEAK = YES;
				CLANG_WARN_BLOCK_CAPTURE_AUTORELEASING = YES;
				CLANG_WARN_BOOL_CONVERSION = YES;
				CLANG_WARN_COMMA = YES;
				CLANG_WARN_CONSTANT_CONVERSION = YES;
				CLANG_WARN_DEPRECATED_OBJC_IMPLEMENTATIONS = YES;
				CLANG_WARN_DIRECT_OBJC_ISA_USAGE = YES_ERROR;
				CLANG_WARN_DOCUMENTATION_COMMENTS = YES;
				CLANG_WARN_EMPTY_BODY = YES;
				CLANG_WARN_ENUM_CONVERSION = YES;
				CLANG_WARN_INFINITE_RECURSION = YES;
				CLANG_WARN_INT_CONVERSION = YES;
				CLANG_WARN_NON_LITERAL_NULL_CONVERSION = YES;
				CLANG_WARN_OBJC_IMPLICIT_RETAIN_SELF = YES;
				CLANG_WARN_OBJC_LITERAL_CONVERSION = YES;
				CLANG_WARN_OBJC_ROOT_CLASS = YES_ERROR;
				CLANG_WARN_QUOTED_INCLUDE_IN_FRAMEWORK_HEADER = YES;
				CLANG_WARN_RANGE_LOOP_ANALYSIS = YES;
				CLANG_WARN_STRICT_PROTOTYPES = YES;
				CLANG_WARN_SUSPICIOUS_MOVE = YES;
				CLANG_WARN_UNGUARDED_AVAILABILITY = YES_AGGRESSIVE;
				CLANG_WARN_UNREACHABLE_CODE = YES;
				CLANG_WARN__DUPLICATE_METHOD_MATCH = YES;
				COPY_PHASE_STRIP = NO;
				DEBUG_INFORMATION_FORMAT = "dwarf-with-dsym";
				ENABLE_NS_ASSERTIONS = NO;
				ENABLE_STRICT_OBJC_MSGSEND = YES;
				GCC_C_LANGUAGE_STANDARD = gnu11;
				GCC_NO_COMMON_BLOCKS = YES;
				GCC_WARN_64_TO_32_BIT_CONVERSION = YES;
				GCC_WARN_ABOUT_RETURN_TYPE = YES_ERROR;
				GCC_WARN_UNDECLARED_SELECTOR = YES;
				GCC_WARN_UNINITIALIZED_AUTOS = YES_AGGRESSIVE;
				GCC_WARN_UNUSED_FUNCTION = YES;
				GCC_WARN_UNUSED_VARIABLE = YES;
				IPHONEOS_DEPLOYMENT_TARGET = 13.0;
				MTL_ENABLE_DEBUG_INFO = NO;
				MTL_FAST_MATH = YES;
				SDKROOT = iphoneos;
				SWIFT_COMPILATION_MODE = wholemodule;
				SWIFT_OPTIMIZATION_LEVEL = "-O";
				VALIDATE_PRODUCT = YES;
			};
			name = Release;
		};
		11B5949126B1534A00DDDD4A /* Debug */ = {
			isa = XCBuildConfiguration;
			baseConfigurationReference = B0694BADF00603A112D2A007 /* Pods-SwiftConclusion.debug.xcconfig */;
			buildSettings = {
				ASSETCATALOG_COMPILER_APPICON_NAME = AppIcon;
				ASSETCATALOG_COMPILER_GLOBAL_ACCENT_COLOR_NAME = AccentColor;
				CLANG_ENABLE_MODULES = YES;
				CODE_SIGN_STYLE = Automatic;
				DEVELOPMENT_TEAM = E75BGBW7FV;
				INFOPLIST_FILE = SwiftConclusion/Resources/Info.plist;
				LD_RUNPATH_SEARCH_PATHS = (
					"$(inherited)",
					"@executable_path/Frameworks",
				);
				PRODUCT_BUNDLE_IDENTIFIER = com.xiao.swift.SwiftConclusion;
				PRODUCT_NAME = "$(TARGET_NAME)";
				SWIFT_OBJC_BRIDGING_HEADER = "SwiftConclusion/Resources/SwiftConclusion-Bridging-Header.h";
				SWIFT_OPTIMIZATION_LEVEL = "-Onone";
				SWIFT_VERSION = 5.0;
				TARGETED_DEVICE_FAMILY = "1,2";
			};
			name = Debug;
		};
		11B5949226B1534A00DDDD4A /* Release */ = {
			isa = XCBuildConfiguration;
			baseConfigurationReference = 55E532E3B280AA77E95B6460 /* Pods-SwiftConclusion.release.xcconfig */;
			buildSettings = {
				ASSETCATALOG_COMPILER_APPICON_NAME = AppIcon;
				ASSETCATALOG_COMPILER_GLOBAL_ACCENT_COLOR_NAME = AccentColor;
				CLANG_ENABLE_MODULES = YES;
				CODE_SIGN_STYLE = Automatic;
				DEVELOPMENT_TEAM = E75BGBW7FV;
				INFOPLIST_FILE = SwiftConclusion/Resources/Info.plist;
				LD_RUNPATH_SEARCH_PATHS = (
					"$(inherited)",
					"@executable_path/Frameworks",
				);
				PRODUCT_BUNDLE_IDENTIFIER = com.xiao.swift.SwiftConclusion;
				PRODUCT_NAME = "$(TARGET_NAME)";
				SWIFT_OBJC_BRIDGING_HEADER = "SwiftConclusion/Resources/SwiftConclusion-Bridging-Header.h";
				SWIFT_VERSION = 5.0;
				TARGETED_DEVICE_FAMILY = "1,2";
			};
			name = Release;
		};
		11B5949426B1534A00DDDD4A /* Debug */ = {
			isa = XCBuildConfiguration;
			buildSettings = {
				ALWAYS_EMBED_SWIFT_STANDARD_LIBRARIES = YES;
				BUNDLE_LOADER = "$(TEST_HOST)";
				CODE_SIGN_STYLE = Automatic;
				DEVELOPMENT_TEAM = E75BGBW7FV;
				INFOPLIST_FILE = SwiftConclusionTests/Info.plist;
				IPHONEOS_DEPLOYMENT_TARGET = 14.5;
				LD_RUNPATH_SEARCH_PATHS = (
					"$(inherited)",
					"@executable_path/Frameworks",
					"@loader_path/Frameworks",
				);
				PRODUCT_BUNDLE_IDENTIFIER = com.xiao.swift.SwiftConclusionTests;
				PRODUCT_NAME = "$(TARGET_NAME)";
				SWIFT_VERSION = 5.0;
				TARGETED_DEVICE_FAMILY = "1,2";
				TEST_HOST = "$(BUILT_PRODUCTS_DIR)/SwiftConclusion.app/SwiftConclusion";
			};
			name = Debug;
		};
		11B5949526B1534A00DDDD4A /* Release */ = {
			isa = XCBuildConfiguration;
			buildSettings = {
				ALWAYS_EMBED_SWIFT_STANDARD_LIBRARIES = YES;
				BUNDLE_LOADER = "$(TEST_HOST)";
				CODE_SIGN_STYLE = Automatic;
				DEVELOPMENT_TEAM = E75BGBW7FV;
				INFOPLIST_FILE = SwiftConclusionTests/Info.plist;
				IPHONEOS_DEPLOYMENT_TARGET = 14.5;
				LD_RUNPATH_SEARCH_PATHS = (
					"$(inherited)",
					"@executable_path/Frameworks",
					"@loader_path/Frameworks",
				);
				PRODUCT_BUNDLE_IDENTIFIER = com.xiao.swift.SwiftConclusionTests;
				PRODUCT_NAME = "$(TARGET_NAME)";
				SWIFT_VERSION = 5.0;
				TARGETED_DEVICE_FAMILY = "1,2";
				TEST_HOST = "$(BUILT_PRODUCTS_DIR)/SwiftConclusion.app/SwiftConclusion";
			};
			name = Release;
		};
		11B5949726B1534A00DDDD4A /* Debug */ = {
			isa = XCBuildConfiguration;
			buildSettings = {
				ALWAYS_EMBED_SWIFT_STANDARD_LIBRARIES = YES;
				CODE_SIGN_STYLE = Automatic;
				DEVELOPMENT_TEAM = E75BGBW7FV;
				INFOPLIST_FILE = SwiftConclusionUITests/Info.plist;
				LD_RUNPATH_SEARCH_PATHS = (
					"$(inherited)",
					"@executable_path/Frameworks",
					"@loader_path/Frameworks",
				);
				PRODUCT_BUNDLE_IDENTIFIER = com.xiao.swift.SwiftConclusionUITests;
				PRODUCT_NAME = "$(TARGET_NAME)";
				SWIFT_VERSION = 5.0;
				TARGETED_DEVICE_FAMILY = "1,2";
				TEST_TARGET_NAME = SwiftConclusion;
			};
			name = Debug;
		};
		11B5949826B1534A00DDDD4A /* Release */ = {
			isa = XCBuildConfiguration;
			buildSettings = {
				ALWAYS_EMBED_SWIFT_STANDARD_LIBRARIES = YES;
				CODE_SIGN_STYLE = Automatic;
				DEVELOPMENT_TEAM = E75BGBW7FV;
				INFOPLIST_FILE = SwiftConclusionUITests/Info.plist;
				LD_RUNPATH_SEARCH_PATHS = (
					"$(inherited)",
					"@executable_path/Frameworks",
					"@loader_path/Frameworks",
				);
				PRODUCT_BUNDLE_IDENTIFIER = com.xiao.swift.SwiftConclusionUITests;
				PRODUCT_NAME = "$(TARGET_NAME)";
				SWIFT_VERSION = 5.0;
				TARGETED_DEVICE_FAMILY = "1,2";
				TEST_TARGET_NAME = SwiftConclusion;
			};
			name = Release;
		};
/* End XCBuildConfiguration section */

/* Begin XCConfigurationList section */
		11B5946126B1534600DDDD4A /* Build configuration list for PBXProject "SwiftConclusion" */ = {
			isa = XCConfigurationList;
			buildConfigurations = (
				11B5948E26B1534A00DDDD4A /* Debug */,
				11B5948F26B1534A00DDDD4A /* Release */,
			);
			defaultConfigurationIsVisible = 0;
			defaultConfigurationName = Release;
		};
		11B5949026B1534A00DDDD4A /* Build configuration list for PBXNativeTarget "SwiftConclusion" */ = {
			isa = XCConfigurationList;
			buildConfigurations = (
				11B5949126B1534A00DDDD4A /* Debug */,
				11B5949226B1534A00DDDD4A /* Release */,
			);
			defaultConfigurationIsVisible = 0;
			defaultConfigurationName = Release;
		};
		11B5949326B1534A00DDDD4A /* Build configuration list for PBXNativeTarget "SwiftConclusionTests" */ = {
			isa = XCConfigurationList;
			buildConfigurations = (
				11B5949426B1534A00DDDD4A /* Debug */,
				11B5949526B1534A00DDDD4A /* Release */,
			);
			defaultConfigurationIsVisible = 0;
			defaultConfigurationName = Release;
		};
		11B5949626B1534A00DDDD4A /* Build configuration list for PBXNativeTarget "SwiftConclusionUITests" */ = {
			isa = XCConfigurationList;
			buildConfigurations = (
				11B5949726B1534A00DDDD4A /* Debug */,
				11B5949826B1534A00DDDD4A /* Release */,
			);
			defaultConfigurationIsVisible = 0;
			defaultConfigurationName = Release;
		};
/* End XCConfigurationList section */
	};
	rootObject = 11B5945E26B1534600DDDD4A /* Project object */;
}
